
Microsoft Visual Studio Solution File, Format Version 12.00
# Visual Studio Version 17
VisualStudioVersion = 17.12.35514.174 d17.12
MinimumVisualStudioVersion = 10.0.40219.1
Project("{FAE04EC0-301F-11D3-BF4B-00C04F79EFBC}") = "Day01", "Day01\Day01.csproj", "{1A3387F7-7D1E-4C91-A86F-A7EC9BF44F04}"
EndProject
Project("{FAE04EC0-301F-11D3-BF4B-00C04F79EFBC}") = "Day02", "Day02\Day02.csproj", "{9955F86B-6D7A-46CF-977C-67FDEDAD8DBD}"
EndProject
Project("{FAE04EC0-301F-11D3-BF4B-00C04F79EFBC}") = "Day03", "Day03\Day03.csproj", "{180A4562-2F8D-491C-A58A-6F08533B4E9C}"
EndProject
Project("{FAE04EC0-301F-11D3-BF4B-00C04F79EFBC}") = "Day04", "Day04\Day04.csproj", "{5F380E6E-3FFE-48B6-9872-E6FFA6946BA6}"
EndProject
Project("{FAE04EC0-301F-11D3-BF4B-00C04F79EFBC}") = "Day05", "Day05\Day05.csproj", "{55034A38-59B4-46A3-87D1-FFE3C3F3FDBC}"
EndProject
Project("{FAE04EC0-301F-11D3-BF4B-00C04F79EFBC}") = "Day06", "Day06\Day06.csproj", "{6FFA95F8-AA4B-4EA1-A79B-F788630A1509}"
EndProject
Project("{FAE04EC0-301F-11D3-BF4B-00C04F79EFBC}") = "Day07", "Day07\Day07.csproj", "{90F5AE46-79A9-42A2-8AB4-EDD017D94C97}"
EndProject
Project("{FAE04EC0-301F-11D3-BF4B-00C04F79EFBC}") = "Day08", "Day08\Day08.csproj", "{B5C9084B-6F0B-4C8F-9FC3-BE2582DD9396}"
EndProject
Project("{FAE04EC0-301F-11D3-BF4B-00C04F79EFBC}") = "Day09", "Day09\Day09.csproj", "{97AA3824-C879-4F88-940F-5388E7DAC4BF}"
EndProject
Project("{FAE04EC0-301F-11D3-BF4B-00C04F79EFBC}") = "Day10", "Day10\Day10.csproj", "{2081DCB4-BF78-41DC-8400-772404CF2285}"
EndProject
Project("{FAE04EC0-301F-11D3-BF4B-00C04F79EFBC}") = "Day11", "Day11\Day11.csproj", "{5183A758-1FD2-4B56-A3D0-1575B86206D4}"
EndProject
Project("{FAE04EC0-301F-11D3-BF4B-00C04F79EFBC}") = "Day12", "Day12\Day12.csproj", "{F5BBD816-3426-40C6-8283-F0C687913775}"
EndProject
Project("{FAE04EC0-301F-11D3-BF4B-00C04F79EFBC}") = "Day13", "Day13\Day13.csproj", "{BB29C723-52C1-4AAC-A60E-15A7D945AD81}"
EndProject
Project("{FAE04EC0-301F-11D3-BF4B-00C04F79EFBC}") = "Day14", "Day14\Day14.csproj", "{CC6933B4-8F26-4910-B8DF-090EEFAEBF70}"
EndProject
Project("{FAE04EC0-301F-11D3-BF4B-00C04F79EFBC}") = "Day15", "Day15\Day15.csproj", "{E69DCA34-9454-4E3E-8C3C-1E17EB20AC5F}"
EndProject
Project("{FAE04EC0-301F-11D3-BF4B-00C04F79EFBC}") = "Day16", "Day16\Day16.csproj", "{C8D3B335-F5D0-4BAB-BD91-FCD49270E774}"
EndProject
Project("{FAE04EC0-301F-11D3-BF4B-00C04F79EFBC}") = "Day17", "Day17\Day17.csproj", "{13B5C386-9FA5-4E2C-B949-9AEDB82CCB72}"
EndProject
Project("{FAE04EC0-301F-11D3-BF4B-00C04F79EFBC}") = "Day18", "Day18\Day18.csproj", "{D2C2C755-9409-44E5-846A-9CE59D40ADA7}"
EndProject
Project("{FAE04EC0-301F-11D3-BF4B-00C04F79EFBC}") = "Day19", "Day19\Day19.csproj", "{341E334D-D3C1-4ED7-8406-23042ACCDFC3}"
EndProject
Project("{FAE04EC0-301F-11D3-BF4B-00C04F79EFBC}") = "Day20", "Day20\Day20.csproj", "{2DF694DA-4692-4282-976D-86F1CC1A97FE}"
EndProject
Project("{FAE04EC0-301F-11D3-BF4B-00C04F79EFBC}") = "Day21", "Day21\Day21.csproj", "{410A9F50-2CCC-4F91-8BBD-4873943B7C1B}"
EndProject
Project("{FAE04EC0-301F-11D3-BF4B-00C04F79EFBC}") = "Day22", "Day22\Day22.csproj", "{CBC5B46A-C1A5-4FAB-8583-DEC8DA3D72AA}"
EndProject
Project("{FAE04EC0-301F-11D3-BF4B-00C04F79EFBC}") = "Day23", "Day23\Day23.csproj", "{1E1A6936-60EB-4971-8E4F-4D7E6D042BAA}"
EndProject
Project("{FAE04EC0-301F-11D3-BF4B-00C04F79EFBC}") = "Day24", "Day24\Day24.csproj", "{750CC556-5705-4BD7-AC3A-1498D2744E3D}"
EndProject
Project("{FAE04EC0-301F-11D3-BF4B-00C04F79EFBC}") = "Day25", "Day25\Day25.csproj", "{3569F68E-1289-4FE7-A187-9F34CEEF3FAD}"
EndProject
Global
	GlobalSection(SolutionConfigurationPlatforms) = preSolution
		Debug|Any CPU = Debug|Any CPU
		Release|Any CPU = Release|Any CPU
	EndGlobalSection
	GlobalSection(ProjectConfigurationPlatforms) = postSolution
		{1A3387F7-7D1E-4C91-A86F-A7EC9BF44F04}.Debug|Any CPU.ActiveCfg = Debug|Any CPU
		{1A3387F7-7D1E-4C91-A86F-A7EC9BF44F04}.Debug|Any CPU.Build.0 = Debug|Any CPU
		{1A3387F7-7D1E-4C91-A86F-A7EC9BF44F04}.Release|Any CPU.ActiveCfg = Release|Any CPU
		{1A3387F7-7D1E-4C91-A86F-A7EC9BF44F04}.Release|Any CPU.Build.0 = Release|Any CPU
		{9955F86B-6D7A-46CF-977C-67FDEDAD8DBD}.Debug|Any CPU.ActiveCfg = Debug|Any CPU
		{9955F86B-6D7A-46CF-977C-67FDEDAD8DBD}.Debug|Any CPU.Build.0 = Debug|Any CPU
		{9955F86B-6D7A-46CF-977C-67FDEDAD8DBD}.Release|Any CPU.ActiveCfg = Release|Any CPU
		{9955F86B-6D7A-46CF-977C-67FDEDAD8DBD}.Release|Any CPU.Build.0 = Release|Any CPU
		{180A4562-2F8D-491C-A58A-6F08533B4E9C}.Debug|Any CPU.ActiveCfg = Debug|Any CPU
		{180A4562-2F8D-491C-A58A-6F08533B4E9C}.Debug|Any CPU.Build.0 = Debug|Any CPU
		{180A4562-2F8D-491C-A58A-6F08533B4E9C}.Release|Any CPU.ActiveCfg = Release|Any CPU
		{180A4562-2F8D-491C-A58A-6F08533B4E9C}.Release|Any CPU.Build.0 = Release|Any CPU
		{5F380E6E-3FFE-48B6-9872-E6FFA6946BA6}.Debug|Any CPU.ActiveCfg = Debug|Any CPU
		{5F380E6E-3FFE-48B6-9872-E6FFA6946BA6}.Debug|Any CPU.Build.0 = Debug|Any CPU
		{5F380E6E-3FFE-48B6-9872-E6FFA6946BA6}.Release|Any CPU.ActiveCfg = Release|Any CPU
		{5F380E6E-3FFE-48B6-9872-E6FFA6946BA6}.Release|Any CPU.Build.0 = Release|Any CPU
		{55034A38-59B4-46A3-87D1-FFE3C3F3FDBC}.Debug|Any CPU.ActiveCfg = Debug|Any CPU
		{55034A38-59B4-46A3-87D1-FFE3C3F3FDBC}.Debug|Any CPU.Build.0 = Debug|Any CPU
		{55034A38-59B4-46A3-87D1-FFE3C3F3FDBC}.Release|Any CPU.ActiveCfg = Release|Any CPU
		{55034A38-59B4-46A3-87D1-FFE3C3F3FDBC}.Release|Any CPU.Build.0 = Release|Any CPU
		{6FFA95F8-AA4B-4EA1-A79B-F788630A1509}.Debug|Any CPU.ActiveCfg = Debug|Any CPU
		{6FFA95F8-AA4B-4EA1-A79B-F788630A1509}.Debug|Any CPU.Build.0 = Debug|Any CPU
		{6FFA95F8-AA4B-4EA1-A79B-F788630A1509}.Release|Any CPU.ActiveCfg = Release|Any CPU
		{6FFA95F8-AA4B-4EA1-A79B-F788630A1509}.Release|Any CPU.Build.0 = Release|Any CPU
		{90F5AE46-79A9-42A2-8AB4-EDD017D94C97}.Debug|Any CPU.ActiveCfg = Debug|Any CPU
		{90F5AE46-79A9-42A2-8AB4-EDD017D94C97}.Debug|Any CPU.Build.0 = Debug|Any CPU
		{90F5AE46-79A9-42A2-8AB4-EDD017D94C97}.Release|Any CPU.ActiveCfg = Release|Any CPU
		{90F5AE46-79A9-42A2-8AB4-EDD017D94C97}.Release|Any CPU.Build.0 = Release|Any CPU
		{B5C9084B-6F0B-4C8F-9FC3-BE2582DD9396}.Debug|Any CPU.ActiveCfg = Debug|Any CPU
		{B5C9084B-6F0B-4C8F-9FC3-BE2582DD9396}.Debug|Any CPU.Build.0 = Debug|Any CPU
		{B5C9084B-6F0B-4C8F-9FC3-BE2582DD9396}.Release|Any CPU.ActiveCfg = Release|Any CPU
		{B5C9084B-6F0B-4C8F-9FC3-BE2582DD9396}.Release|Any CPU.Build.0 = Release|Any CPU
		{97AA3824-C879-4F88-940F-5388E7DAC4BF}.Debug|Any CPU.ActiveCfg = Debug|Any CPU
		{97AA3824-C879-4F88-940F-5388E7DAC4BF}.Debug|Any CPU.Build.0 = Debug|Any CPU
		{97AA3824-C879-4F88-940F-5388E7DAC4BF}.Release|Any CPU.ActiveCfg = Release|Any CPU
		{97AA3824-C879-4F88-940F-5388E7DAC4BF}.Release|Any CPU.Build.0 = Release|Any CPU
		{2081DCB4-BF78-41DC-8400-772404CF2285}.Debug|Any CPU.ActiveCfg = Debug|Any CPU
		{2081DCB4-BF78-41DC-8400-772404CF2285}.Debug|Any CPU.Build.0 = Debug|Any CPU
		{2081DCB4-BF78-41DC-8400-772404CF2285}.Release|Any CPU.ActiveCfg = Release|Any CPU
		{2081DCB4-BF78-41DC-8400-772404CF2285}.Release|Any CPU.Build.0 = Release|Any CPU
		{5183A758-1FD2-4B56-A3D0-1575B86206D4}.Debug|Any CPU.ActiveCfg = Debug|Any CPU
		{5183A758-1FD2-4B56-A3D0-1575B86206D4}.Debug|Any CPU.Build.0 = Debug|Any CPU
		{5183A758-1FD2-4B56-A3D0-1575B86206D4}.Release|Any CPU.ActiveCfg = Release|Any CPU
		{5183A758-1FD2-4B56-A3D0-1575B86206D4}.Release|Any CPU.Build.0 = Release|Any CPU
		{F5BBD816-3426-40C6-8283-F0C687913775}.Debug|Any CPU.ActiveCfg = Debug|Any CPU
		{F5BBD816-3426-40C6-8283-F0C687913775}.Debug|Any CPU.Build.0 = Debug|Any CPU
		{F5BBD816-3426-40C6-8283-F0C687913775}.Release|Any CPU.ActiveCfg = Release|Any CPU
		{F5BBD816-3426-40C6-8283-F0C687913775}.Release|Any CPU.Build.0 = Release|Any CPU
		{BB29C723-52C1-4AAC-A60E-15A7D945AD81}.Debug|Any CPU.ActiveCfg = Debug|Any CPU
		{BB29C723-52C1-4AAC-A60E-15A7D945AD81}.Debug|Any CPU.Build.0 = Debug|Any CPU
		{BB29C723-52C1-4AAC-A60E-15A7D945AD81}.Release|Any CPU.ActiveCfg = Release|Any CPU
		{BB29C723-52C1-4AAC-A60E-15A7D945AD81}.Release|Any CPU.Build.0 = Release|Any CPU
		{CC6933B4-8F26-4910-B8DF-090EEFAEBF70}.Debug|Any CPU.ActiveCfg = Debug|Any CPU
		{CC6933B4-8F26-4910-B8DF-090EEFAEBF70}.Debug|Any CPU.Build.0 = Debug|Any CPU
		{CC6933B4-8F26-4910-B8DF-090EEFAEBF70}.Release|Any CPU.ActiveCfg = Release|Any CPU
		{CC6933B4-8F26-4910-B8DF-090EEFAEBF70}.Release|Any CPU.Build.0 = Release|Any CPU
		{E69DCA34-9454-4E3E-8C3C-1E17EB20AC5F}.Debug|Any CPU.ActiveCfg = Debug|Any CPU
		{E69DCA34-9454-4E3E-8C3C-1E17EB20AC5F}.Debug|Any CPU.Build.0 = Debug|Any CPU
		{E69DCA34-9454-4E3E-8C3C-1E17EB20AC5F}.Release|Any CPU.ActiveCfg = Release|Any CPU
		{E69DCA34-9454-4E3E-8C3C-1E17EB20AC5F}.Release|Any CPU.Build.0 = Release|Any CPU
		{C8D3B335-F5D0-4BAB-BD91-FCD49270E774}.Debug|Any CPU.ActiveCfg = Debug|Any CPU
		{C8D3B335-F5D0-4BAB-BD91-FCD49270E774}.Debug|Any CPU.Build.0 = Debug|Any CPU
		{C8D3B335-F5D0-4BAB-BD91-FCD49270E774}.Release|Any CPU.ActiveCfg = Release|Any CPU
		{C8D3B335-F5D0-4BAB-BD91-FCD49270E774}.Release|Any CPU.Build.0 = Release|Any CPU
		{13B5C386-9FA5-4E2C-B949-9AEDB82CCB72}.Debug|Any CPU.ActiveCfg = Debug|Any CPU
		{13B5C386-9FA5-4E2C-B949-9AEDB82CCB72}.Debug|Any CPU.Build.0 = Debug|Any CPU
		{13B5C386-9FA5-4E2C-B949-9AEDB82CCB72}.Release|Any CPU.ActiveCfg = Release|Any CPU
		{13B5C386-9FA5-4E2C-B949-9AEDB82CCB72}.Release|Any CPU.Build.0 = Release|Any CPU
		{D2C2C755-9409-44E5-846A-9CE59D40ADA7}.Debug|Any CPU.ActiveCfg = Debug|Any CPU
		{D2C2C755-9409-44E5-846A-9CE59D40ADA7}.Debug|Any CPU.Build.0 = Debug|Any CPU
		{D2C2C755-9409-44E5-846A-9CE59D40ADA7}.Release|Any CPU.ActiveCfg = Release|Any CPU
		{D2C2C755-9409-44E5-846A-9CE59D40ADA7}.Release|Any CPU.Build.0 = Release|Any CPU
		{341E334D-D3C1-4ED7-8406-23042ACCDFC3}.Debug|Any CPU.ActiveCfg = Debug|Any CPU
		{341E334D-D3C1-4ED7-8406-23042ACCDFC3}.Debug|Any CPU.Build.0 = Debug|Any CPU
		{341E334D-D3C1-4ED7-8406-23042ACCDFC3}.Release|Any CPU.ActiveCfg = Release|Any CPU
		{341E334D-D3C1-4ED7-8406-23042ACCDFC3}.Release|Any CPU.Build.0 = Release|Any CPU
		{2DF694DA-4692-4282-976D-86F1CC1A97FE}.Debug|Any CPU.ActiveCfg = Debug|Any CPU
		{2DF694DA-4692-4282-976D-86F1CC1A97FE}.Debug|Any CPU.Build.0 = Debug|Any CPU
		{2DF694DA-4692-4282-976D-86F1CC1A97FE}.Release|Any CPU.ActiveCfg = Release|Any CPU
		{2DF694DA-4692-4282-976D-86F1CC1A97FE}.Release|Any CPU.Build.0 = Release|Any CPU
		{410A9F50-2CCC-4F91-8BBD-4873943B7C1B}.Debug|Any CPU.ActiveCfg = Debug|Any CPU
		{410A9F50-2CCC-4F91-8BBD-4873943B7C1B}.Debug|Any CPU.Build.0 = Debug|Any CPU
		{410A9F50-2CCC-4F91-8BBD-4873943B7C1B}.Release|Any CPU.ActiveCfg = Release|Any CPU
		{410A9F50-2CCC-4F91-8BBD-4873943B7C1B}.Release|Any CPU.Build.0 = Release|Any CPU
		{CBC5B46A-C1A5-4FAB-8583-DEC8DA3D72AA}.Debug|Any CPU.ActiveCfg = Debug|Any CPU
		{CBC5B46A-C1A5-4FAB-8583-DEC8DA3D72AA}.Debug|Any CPU.Build.0 = Debug|Any CPU
		{CBC5B46A-C1A5-4FAB-8583-DEC8DA3D72AA}.Release|Any CPU.ActiveCfg = Release|Any CPU
		{CBC5B46A-C1A5-4FAB-8583-DEC8DA3D72AA}.Release|Any CPU.Build.0 = Release|Any CPU
		{1E1A6936-60EB-4971-8E4F-4D7E6D042BAA}.Debug|Any CPU.ActiveCfg = Debug|Any CPU
		{1E1A6936-60EB-4971-8E4F-4D7E6D042BAA}.Debug|Any CPU.Build.0 = Debug|Any CPU
		{1E1A6936-60EB-4971-8E4F-4D7E6D042BAA}.Release|Any CPU.ActiveCfg = Release|Any CPU
		{1E1A6936-60EB-4971-8E4F-4D7E6D042BAA}.Release|Any CPU.Build.0 = Release|Any CPU
		{750CC556-5705-4BD7-AC3A-1498D2744E3D}.Debug|Any CPU.ActiveCfg = Debug|Any CPU
		{750CC556-5705-4BD7-AC3A-1498D2744E3D}.Debug|Any CPU.Build.0 = Debug|Any CPU
		{750CC556-5705-4BD7-AC3A-1498D2744E3D}.Release|Any CPU.ActiveCfg = Release|Any CPU
		{750CC556-5705-4BD7-AC3A-1498D2744E3D}.Release|Any CPU.Build.0 = Release|Any CPU
		{3569F68E-1289-4FE7-A187-9F34CEEF3FAD}.Debug|Any CPU.ActiveCfg = Debug|Any CPU
		{3569F68E-1289-4FE7-A187-9F34CEEF3FAD}.Debug|Any CPU.Build.0 = Debug|Any CPU
		{3569F68E-1289-4FE7-A187-9F34CEEF3FAD}.Release|Any CPU.ActiveCfg = Release|Any CPU
		{3569F68E-1289-4FE7-A187-9F34CEEF3FAD}.Release|Any CPU.Build.0 = Release|Any CPU
	EndGlobalSection
	GlobalSection(SolutionProperties) = preSolution
		HideSolutionNode = FALSE
	EndGlobalSection
EndGlobal
